// !$*UTF8*$!
{
	archiveVersion = 1;
	classes = {
	};
	objectVersion = 48;
	objects = {

/* Begin PBXBuildFile section */
		D27C21430947786E51079D3F /* Pods_Apple_Duunitori.framework in Frameworks */ = {isa = PBXBuildFile; fileRef = CF2C584E2E305F8D689E85FD /* Pods_Apple_Duunitori.framework */; };
		E14044AD2001F26700ABBC13 /* AppDelegate.swift in Sources */ = {isa = PBXBuildFile; fileRef = E14044AC2001F26700ABBC13 /* AppDelegate.swift */; };
		E14044B22001F26700ABBC13 /* Main.storyboard in Resources */ = {isa = PBXBuildFile; fileRef = E14044B02001F26700ABBC13 /* Main.storyboard */; };
		E14044B42001F26700ABBC13 /* Assets.xcassets in Resources */ = {isa = PBXBuildFile; fileRef = E14044B32001F26700ABBC13 /* Assets.xcassets */; };
		E14044C32001FB4A00ABBC13 /* SearchJobsVC.swift in Sources */ = {isa = PBXBuildFile; fileRef = E14044C22001FB4A00ABBC13 /* SearchJobsVC.swift */; };
		E14044C52001FC5C00ABBC13 /* ASSearchView.swift in Sources */ = {isa = PBXBuildFile; fileRef = E14044C42001FC5C00ABBC13 /* ASSearchView.swift */; };
/* End PBXBuildFile section */

/* Begin PBXFileReference section */
		15BE112AE0FC93C551345BA4 /* Pods-Apple Duunitori.release.xcconfig */ = {isa = PBXFileReference; includeInIndex = 1; lastKnownFileType = text.xcconfig; name = "Pods-Apple Duunitori.release.xcconfig"; path = "Pods/Target Support Files/Pods-Apple Duunitori/Pods-Apple Duunitori.release.xcconfig"; sourceTree = "<group>"; };
		9F8ECD2A2F9B0348A189E2C8 /* Pods-Apple Duunitori.debug.xcconfig */ = {isa = PBXFileReference; includeInIndex = 1; lastKnownFileType = text.xcconfig; name = "Pods-Apple Duunitori.debug.xcconfig"; path = "Pods/Target Support Files/Pods-Apple Duunitori/Pods-Apple Duunitori.debug.xcconfig"; sourceTree = "<group>"; };
		CF2C584E2E305F8D689E85FD /* Pods_Apple_Duunitori.framework */ = {isa = PBXFileReference; explicitFileType = wrapper.framework; includeInIndex = 0; path = Pods_Apple_Duunitori.framework; sourceTree = BUILT_PRODUCTS_DIR; };
		E14044A92001F26700ABBC13 /* Apple Duunitori.app */ = {isa = PBXFileReference; explicitFileType = wrapper.application; includeInIndex = 0; path = "Apple Duunitori.app"; sourceTree = BUILT_PRODUCTS_DIR; };
		E14044AC2001F26700ABBC13 /* AppDelegate.swift */ = {isa = PBXFileReference; lastKnownFileType = sourcecode.swift; path = AppDelegate.swift; sourceTree = "<group>"; };
		E14044B12001F26700ABBC13 /* Base */ = {isa = PBXFileReference; lastKnownFileType = file.storyboard; name = Base; path = Base.lproj/Main.storyboard; sourceTree = "<group>"; };
		E14044B32001F26700ABBC13 /* Assets.xcassets */ = {isa = PBXFileReference; lastKnownFileType = folder.assetcatalog; path = Assets.xcassets; sourceTree = "<group>"; };
		E14044B82001F26700ABBC13 /* Info.plist */ = {isa = PBXFileReference; lastKnownFileType = text.plist.xml; path = Info.plist; sourceTree = "<group>"; };
		E14044C22001FB4A00ABBC13 /* SearchJobsVC.swift */ = {isa = PBXFileReference; lastKnownFileType = sourcecode.swift; path = SearchJobsVC.swift; sourceTree = "<group>"; };
		E14044C42001FC5C00ABBC13 /* ASSearchView.swift */ = {isa = PBXFileReference; lastKnownFileType = sourcecode.swift; path = ASSearchView.swift; sourceTree = "<group>"; };
/* End PBXFileReference section */

/* Begin PBXFrameworksBuildPhase section */
		E14044A62001F26700ABBC13 /* Frameworks */ = {
			isa = PBXFrameworksBuildPhase;
			buildActionMask = 2147483647;
			files = (
				D27C21430947786E51079D3F /* Pods_Apple_Duunitori.framework in Frameworks */,
			);
			runOnlyForDeploymentPostprocessing = 0;
		};
/* End PBXFrameworksBuildPhase section */

/* Begin PBXGroup section */
		620A5C8E6F3BFABF66679ED8 /* Pods */ = {
			isa = PBXGroup;
			children = (
				9F8ECD2A2F9B0348A189E2C8 /* Pods-Apple Duunitori.debug.xcconfig */,
				15BE112AE0FC93C551345BA4 /* Pods-Apple Duunitori.release.xcconfig */,
			);
			name = Pods;
			sourceTree = "<group>";
		};
		C53BFBD2D44FA48925A9B5A2 /* Frameworks */ = {
			isa = PBXGroup;
			children = (
				CF2C584E2E305F8D689E85FD /* Pods_Apple_Duunitori.framework */,
			);
			name = Frameworks;
			sourceTree = "<group>";
		};
		E14044A02001F26700ABBC13 = {
			isa = PBXGroup;
			children = (
				E14044AB2001F26700ABBC13 /* Apple Duunitori */,
				E14044AA2001F26700ABBC13 /* Products */,
				620A5C8E6F3BFABF66679ED8 /* Pods */,
				C53BFBD2D44FA48925A9B5A2 /* Frameworks */,
			);
			sourceTree = "<group>";
		};
		E14044AA2001F26700ABBC13 /* Products */ = {
			isa = PBXGroup;
			children = (
				E14044A92001F26700ABBC13 /* Apple Duunitori.app */,
			);
			name = Products;
			sourceTree = "<group>";
		};
		E14044AB2001F26700ABBC13 /* Apple Duunitori */ = {
			isa = PBXGroup;
			children = (
				E14044C12001F2C400ABBC13 /* service */,
				E14044C02001F2B600ABBC13 /* controller */,
				E14044BF2001F2AF00ABBC13 /* view */,
				E14044BE2001F2A400ABBC13 /* model */,
				E14044AC2001F26700ABBC13 /* AppDelegate.swift */,
				E14044B02001F26700ABBC13 /* Main.storyboard */,
				E14044B32001F26700ABBC13 /* Assets.xcassets */,
				E14044B82001F26700ABBC13 /* Info.plist */,
			);
			path = "Apple Duunitori";
			sourceTree = "<group>";
		};
		E14044BE2001F2A400ABBC13 /* model */ = {
			isa = PBXGroup;
			children = (
			);
			path = model;
			sourceTree = "<group>";
		};
		E14044BF2001F2AF00ABBC13 /* view */ = {
			isa = PBXGroup;
			children = (
				E14044C42001FC5C00ABBC13 /* ASSearchView.swift */,
			);
			path = view;
			sourceTree = "<group>";
		};
		E14044C02001F2B600ABBC13 /* controller */ = {
			isa = PBXGroup;
			children = (
				E14044C22001FB4A00ABBC13 /* SearchJobsVC.swift */,
			);
			path = controller;
			sourceTree = "<group>";
		};
		E14044C12001F2C400ABBC13 /* service */ = {
			isa = PBXGroup;
			children = (
			);
			path = service;
			sourceTree = "<group>";
		};
/* End PBXGroup section */

/* Begin PBXNativeTarget section */
		E14044A82001F26700ABBC13 /* Apple Duunitori */ = {
			isa = PBXNativeTarget;
			buildConfigurationList = E14044BB2001F26700ABBC13 /* Build configuration list for PBXNativeTarget "Apple Duunitori" */;
			buildPhases = (
				AA19B0718193293F21F9A7CD /* [CP] Check Pods Manifest.lock */,
				E14044A52001F26700ABBC13 /* Sources */,
				E14044A62001F26700ABBC13 /* Frameworks */,
				E14044A72001F26700ABBC13 /* Resources */,
				5A3249F072F87F086DE98F5A /* [CP] Embed Pods Frameworks */,
				C1FCAAD556AD5547B2CF2334 /* [CP] Copy Pods Resources */,
			);
			buildRules = (
			);
			dependencies = (
			);
			name = "Apple Duunitori";
			productName = "Apple Duunitori";
			productReference = E14044A92001F26700ABBC13 /* Apple Duunitori.app */;
			productType = "com.apple.product-type.application";
		};
/* End PBXNativeTarget section */

/* Begin PBXProject section */
		E14044A12001F26700ABBC13 /* Project object */ = {
			isa = PBXProject;
			attributes = {
				LastSwiftUpdateCheck = 0920;
				LastUpgradeCheck = 0920;
				ORGANIZATIONNAME = giang;
				TargetAttributes = {
					E14044A82001F26700ABBC13 = {
						CreatedOnToolsVersion = 9.2;
						ProvisioningStyle = Automatic;
					};
				};
			};
			buildConfigurationList = E14044A42001F26700ABBC13 /* Build configuration list for PBXProject "Apple Duunitori" */;
			compatibilityVersion = "Xcode 8.0";
			developmentRegion = en;
			hasScannedForEncodings = 0;
			knownRegions = (
				en,
				Base,
			);
			mainGroup = E14044A02001F26700ABBC13;
			productRefGroup = E14044AA2001F26700ABBC13 /* Products */;
			projectDirPath = "";
			projectRoot = "";
			targets = (
				E14044A82001F26700ABBC13 /* Apple Duunitori */,
			);
		};
/* End PBXProject section */

/* Begin PBXResourcesBuildPhase section */
		E14044A72001F26700ABBC13 /* Resources */ = {
			isa = PBXResourcesBuildPhase;
			buildActionMask = 2147483647;
			files = (
				E14044B42001F26700ABBC13 /* Assets.xcassets in Resources */,
				E14044B22001F26700ABBC13 /* Main.storyboard in Resources */,
			);
			runOnlyForDeploymentPostprocessing = 0;
		};
/* End PBXResourcesBuildPhase section */

/* Begin PBXShellScriptBuildPhase section */
		5A3249F072F87F086DE98F5A /* [CP] Embed Pods Frameworks */ = {
			isa = PBXShellScriptBuildPhase;
			buildActionMask = 2147483647;
			files = (
			);
			inputPaths = (
			);
			name = "[CP] Embed Pods Frameworks";
			outputPaths = (
			);
			runOnlyForDeploymentPostprocessing = 0;
			shellPath = /bin/sh;
			shellScript = "\"${SRCROOT}/Pods/Target Support Files/Pods-Apple Duunitori/Pods-Apple Duunitori-frameworks.sh\"\n";
			showEnvVarsInLog = 0;
		};
		AA19B0718193293F21F9A7CD /* [CP] Check Pods Manifest.lock */ = {
			isa = PBXShellScriptBuildPhase;
			buildActionMask = 2147483647;
			files = (
			);
			inputPaths = (
			);
			name = "[CP] Check Pods Manifest.lock";
			outputPaths = (
			);
			runOnlyForDeploymentPostprocessing = 0;
			shellPath = /bin/sh;
			shellScript = "diff \"${PODS_ROOT}/../Podfile.lock\" \"${PODS_ROOT}/Manifest.lock\" > /dev/null\nif [ $? != 0 ] ; then\n    # print error to STDERR\n    echo \"error: The sandbox is not in sync with the Podfile.lock. Run 'pod install' or update your CocoaPods installation.\" >&2\n    exit 1\nfi\n";
			showEnvVarsInLog = 0;
		};
		C1FCAAD556AD5547B2CF2334 /* [CP] Copy Pods Resources */ = {
			isa = PBXShellScriptBuildPhase;
			buildActionMask = 2147483647;
			files = (
			);
			inputPaths = (
			);
			name = "[CP] Copy Pods Resources";
			outputPaths = (
			);
			runOnlyForDeploymentPostprocessing = 0;
			shellPath = /bin/sh;
			shellScript = "\"${SRCROOT}/Pods/Target Support Files/Pods-Apple Duunitori/Pods-Apple Duunitori-resources.sh\"\n";
			showEnvVarsInLog = 0;
		};
/* End PBXShellScriptBuildPhase section */

/* Begin PBXSourcesBuildPhase section */
		E14044A52001F26700ABBC13 /* Sources */ = {
			isa = PBXSourcesBuildPhase;
			buildActionMask = 2147483647;
			files = (
				E14044C52001FC5C00ABBC13 /* ASSearchView.swift in Sources */,
				E14044C32001FB4A00ABBC13 /* SearchJobsVC.swift in Sources */,
				E14044AD2001F26700ABBC13 /* AppDelegate.swift in Sources */,
			);
			runOnlyForDeploymentPostprocessing = 0;
		};
/* End PBXSourcesBuildPhase section */

/* Begin PBXVariantGroup section */
		E14044B02001F26700ABBC13 /* Main.storyboard */ = {
			isa = PBXVariantGroup;
			children = (
				E14044B12001F26700ABBC13 /* Base */,
			);
			name = Main.storyboard;
			sourceTree = "<group>";
		};
/* End PBXVariantGroup section */

/* Begin XCBuildConfiguration section */
		E14044B92001F26700ABBC13 /* Debug */ = {
			isa = XCBuildConfiguration;
			buildSettings = {
				ALWAYS_SEARCH_USER_PATHS = NO;
				CLANG_ANALYZER_NONNULL = YES;
				CLANG_ANALYZER_NUMBER_OBJECT_CONVERSION = YES_AGGRESSIVE;
				CLANG_CXX_LANGUAGE_STANDARD = "gnu++14";
				CLANG_CXX_LIBRARY = "libc++";
				CLANG_ENABLE_MODULES = YES;
				CLANG_ENABLE_OBJC_ARC = YES;
				CLANG_WARN_BLOCK_CAPTURE_AUTORELEASING = YES;
				CLANG_WARN_BOOL_CONVERSION = YES;
				CLANG_WARN_COMMA = YES;
				CLANG_WARN_CONSTANT_CONVERSION = YES;
				CLANG_WARN_DIRECT_OBJC_ISA_USAGE = YES_ERROR;
				CLANG_WARN_DOCUMENTATION_COMMENTS = YES;
				CLANG_WARN_EMPTY_BODY = YES;
				CLANG_WARN_ENUM_CONVERSION = YES;
				CLANG_WARN_INFINITE_RECURSION = YES;
				CLANG_WARN_INT_CONVERSION = YES;
				CLANG_WARN_NON_LITERAL_NULL_CONVERSION = YES;
				CLANG_WARN_OBJC_LITERAL_CONVERSION = YES;
				CLANG_WARN_OBJC_ROOT_CLASS = YES_ERROR;
				CLANG_WARN_RANGE_LOOP_ANALYSIS = YES;
				CLANG_WARN_STRICT_PROTOTYPES = YES;
				CLANG_WARN_SUSPICIOUS_MOVE = YES;
				CLANG_WARN_UNGUARDED_AVAILABILITY = YES_AGGRESSIVE;
				CLANG_WARN_UNREACHABLE_CODE = YES;
				CLANG_WARN__DUPLICATE_METHOD_MATCH = YES;
				CODE_SIGN_IDENTITY = "iPhone Developer";
				COPY_PHASE_STRIP = NO;
				DEBUG_INFORMATION_FORMAT = dwarf;
				ENABLE_STRICT_OBJC_MSGSEND = YES;
				ENABLE_TESTABILITY = YES;
				GCC_C_LANGUAGE_STANDARD = gnu11;
				GCC_DYNAMIC_NO_PIC = NO;
				GCC_NO_COMMON_BLOCKS = YES;
				GCC_OPTIMIZATION_LEVEL = 0;
				GCC_PREPROCESSOR_DEFINITIONS = (
					"DEBUG=1",
					"$(inherited)",
				);
				GCC_WARN_64_TO_32_BIT_CONVERSION = YES;
				GCC_WARN_ABOUT_RETURN_TYPE = YES_ERROR;
				GCC_WARN_UNDECLARED_SELECTOR = YES;
				GCC_WARN_UNINITIALIZED_AUTOS = YES_AGGRESSIVE;
				GCC_WARN_UNUSED_FUNCTION = YES;
				GCC_WARN_UNUSED_VARIABLE = YES;
				IPHONEOS_DEPLOYMENT_TARGET = 11.2;
				MTL_ENABLE_DEBUG_INFO = YES;
				ONLY_ACTIVE_ARCH = YES;
				SDKROOT = iphoneos;
				SWIFT_ACTIVE_COMPILATION_CONDITIONS = DEBUG;
				SWIFT_OPTIMIZATION_LEVEL = "-Onone";
			};
			name = Debug;
		};
		E14044BA2001F26700ABBC13 /* Release */ = {
			isa = XCBuildConfiguration;
			buildSettings = {
				ALWAYS_SEARCH_USER_PATHS = NO;
				CLANG_ANALYZER_NONNULL = YES;
				CLANG_ANALYZER_NUMBER_OBJECT_CONVERSION = YES_AGGRESSIVE;
				CLANG_CXX_LANGUAGE_STANDARD = "gnu++14";
				CLANG_CXX_LIBRARY = "libc++";
				CLANG_ENABLE_MODULES = YES;
				CLANG_ENABLE_OBJC_ARC = YES;
				CLANG_WARN_BLOCK_CAPTURE_AUTORELEASING = YES;
				CLANG_WARN_BOOL_CONVERSION = YES;
				CLANG_WARN_COMMA = YES;
				CLANG_WARN_CONSTANT_CONVERSION = YES;
				CLANG_WARN_DIRECT_OBJC_ISA_USAGE = YES_ERROR;
				CLANG_WARN_DOCUMENTATION_COMMENTS = YES;
				CLANG_WARN_EMPTY_BODY = YES;
				CLANG_WARN_ENUM_CONVERSION = YES;
				CLANG_WARN_INFINITE_RECURSION = YES;
				CLANG_WARN_INT_CONVERSION = YES;
				CLANG_WARN_NON_LITERAL_NULL_CONVERSION = YES;
				CLANG_WARN_OBJC_LITERAL_CONVERSION = YES;
				CLANG_WARN_OBJC_ROOT_CLASS = YES_ERROR;
				CLANG_WARN_RANGE_LOOP_ANALYSIS = YES;
				CLANG_WARN_STRICT_PROTOTYPES = YES;
				CLANG_WARN_SUSPICIOUS_MOVE = YES;
				CLANG_WARN_UNGUARDED_AVAILABILITY = YES_AGGRESSIVE;
				CLANG_WARN_UNREACHABLE_CODE = YES;
				CLANG_WARN__DUPLICATE_METHOD_MATCH = YES;
				CODE_SIGN_IDENTITY = "iPhone Developer";
				COPY_PHASE_STRIP = NO;
				DEBUG_INFORMATION_FORMAT = "dwarf-with-dsym";
				ENABLE_NS_ASSERTIONS = NO;
				ENABLE_STRICT_OBJC_MSGSEND = YES;
				GCC_C_LANGUAGE_STANDARD = gnu11;
				GCC_NO_COMMON_BLOCKS = YES;
				GCC_WARN_64_TO_32_BIT_CONVERSION = YES;
				GCC_WARN_ABOUT_RETURN_TYPE = YES_ERROR;
				GCC_WARN_UNDECLARED_SELECTOR = YES;
				GCC_WARN_UNINITIALIZED_AUTOS = YES_AGGRESSIVE;
				GCC_WARN_UNUSED_FUNCTION = YES;
				GCC_WARN_UNUSED_VARIABLE = YES;
				IPHONEOS_DEPLOYMENT_TARGET = 11.2;
				MTL_ENABLE_DEBUG_INFO = NO;
				SDKROOT = iphoneos;
				SWIFT_OPTIMIZATION_LEVEL = "-Owholemodule";
				VALIDATE_PRODUCT = YES;
			};
			name = Release;
		};
		E14044BC2001F26700ABBC13 /* Debug */ = {
			isa = XCBuildConfiguration;
			baseConfigurationReference = 9F8ECD2A2F9B0348A189E2C8 /* Pods-Apple Duunitori.debug.xcconfig */;
			buildSettings = {
				ASSETCATALOG_COMPILER_APPICON_NAME = AppIcon;
				CODE_SIGN_STYLE = Automatic;
				INFOPLIST_FILE = "Apple Duunitori/Info.plist";
				LD_RUNPATH_SEARCH_PATHS = "$(inherited) @executable_path/Frameworks";
				PRODUCT_BUNDLE_IDENTIFIER = "la.me.leo.Apple-Duunitori";
				PRODUCT_NAME = "$(TARGET_NAME)";
				SWIFT_VERSION = 4.0;
				TARGETED_DEVICE_FAMILY = "1,2";
			};
			name = Debug;
		};
		E14044BD2001F26700ABBC13 /* Release */ = {
			isa = XCBuildConfiguration;
			baseConfigurationReference = 15BE112AE0FC93C551345BA4 /* Pods-Apple Duunitori.release.xcconfig */;
			buildSettings = {
				ASSETCATALOG_COMPILER_APPICON_NAME = AppIcon;
				CODE_SIGN_STYLE = Automatic;
				INFOPLIST_FILE = "Apple Duunitori/Info.plist";
				LD_RUNPATH_SEARCH_PATHS = "$(inherited) @executable_path/Frameworks";
				PRODUCT_BUNDLE_IDENTIFIER = "la.me.leo.Apple-Duunitori";
				PRODUCT_NAME = "$(TARGET_NAME)";
				SWIFT_VERSION = 4.0;
				TARGETED_DEVICE_FAMILY = "1,2";
			};
			name = Release;
		};
/* End XCBuildConfiguration section */

/* Begin XCConfigurationList section */
		E14044A42001F26700ABBC13 /* Build configuration list for PBXProject "Apple Duunitori" */ = {
			isa = XCConfigurationList;
			buildConfigurations = (
				E14044B92001F26700ABBC13 /* Debug */,
				E14044BA2001F26700ABBC13 /* Release */,
			);
			defaultConfigurationIsVisible = 0;
			defaultConfigurationName = Release;
		};
		E14044BB2001F26700ABBC13 /* Build configuration list for PBXNativeTarget "Apple Duunitori" */ = {
			isa = XCConfigurationList;
			buildConfigurations = (
				E14044BC2001F26700ABBC13 /* Debug */,
				E14044BD2001F26700ABBC13 /* Release */,
			);
			defaultConfigurationIsVisible = 0;
			defaultConfigurationName = Release;
		};
/* End XCConfigurationList section */
	};
	rootObject = E14044A12001F26700ABBC13 /* Project object */;
}
